{
  "name": "4.5",
  "lockfileVersion": 2,
  "requires": true,
  "packages": {
    "": {
      "dependencies": {
        "types-registry": "^0.1.575"
      }
    },
    "node_modules/types-registry": {
      "version": "0.1.575",
      "resolved": "https://registry.npmjs.org/types-registry/-/types-registry-0.1.575.tgz",
      "integrity": "sha512-EPLlvAw/nDrGkW8UhdUthzQ/amsWWnvD5wi0mucriMUhpeSoyNdurqjq7N/+yxwOnVsvhzFc3IW1KETAI8+Fvg=="
    }
  },
  "dependencies": {
    "types-registry": {
      "version": "0.1.575",
      "resolved": "https://registry.npmjs.org/types-registry/-/types-registry-0.1.575.tgz",
      "integrity": "sha512-EPLlvAw/nDrGkW8UhdUthzQ/amsWWnvD5wi0mucriMUhpeSoyNdurqjq7N/+yxwOnVsvhzFc3IW1KETAI8+Fvg=="
    }
  }
}
